
Microsoft Visual Studio Solution File, Format Version 12.00
# Visual Studio Version 17
VisualStudioVersion = 17.3.32929.385
MinimumVisualStudioVersion = 10.0.40219.1
Project("{FAE04EC0-301F-11D3-BF4B-00C04F79EFBC}") = "howe28", "howe28\howe28.csproj", "{14F2AB7E-8828-40C6-8A69-707C085ED8BA}"
EndProject
Global
	GlobalSection(SolutionConfigurationPlatforms) = preSolution
		Debug|Any CPU = Debug|Any CPU
		Release|Any CPU = Release|Any CPU
	EndGlobalSection
	GlobalSection(ProjectConfigurationPlatforms) = postSolution
		{14F2AB7E-8828-40C6-8A69-707C085ED8BA}.Debug|Any CPU.ActiveCfg = Debug|Any CPU
		{14F2AB7E-8828-40C6-8A69-707C085ED8BA}.Debug|Any CPU.Build.0 = Debug|Any CPU
		{14F2AB7E-8828-40C6-8A69-707C085ED8BA}.Release|Any CPU.ActiveCfg = Release|Any CPU
		{14F2AB7E-8828-40C6-8A69-707C085ED8BA}.Release|Any CPU.Build.0 = Release|Any CPU
	EndGlobalSection
	GlobalSection(SolutionProperties) = preSolution
		HideSolutionNode = FALSE
	EndGlobalSection
	GlobalSection(ExtensibilityGlobals) = postSolution
		SolutionGuid = {2D28CAFC-7057-44AF-B0DA-9829900D5E83}
	EndGlobalSection
EndGlobal
